
Microsoft Visual Studio Solution File, Format Version 12.00
# Visual Studio Version 17
VisualStudioVersion = 17.3.32922.545
MinimumVisualStudioVersion = 10.0.40219.1
Project("{FAE04EC0-301F-11D3-BF4B-00C04F79EFBC}") = "img2excel-server", "src\img2excel-server.csproj", "{7B9A9754-2397-40ED-8DA7-4C8C06C3CC7D}"
EndProject
Global
	GlobalSection(SolutionConfigurationPlatforms) = preSolution
		Debug|Any CPU = Debug|Any CPU
		Release|Any CPU = Release|Any CPU
	EndGlobalSection
	GlobalSection(ProjectConfigurationPlatforms) = postSolution
		{7B9A9754-2397-40ED-8DA7-4C8C06C3CC7D}.Debug|Any CPU.ActiveCfg = Debug|Any CPU
		{7B9A9754-2397-40ED-8DA7-4C8C06C3CC7D}.Debug|Any CPU.Build.0 = Debug|Any CPU
		{7B9A9754-2397-40ED-8DA7-4C8C06C3CC7D}.Release|Any CPU.ActiveCfg = Release|Any CPU
		{7B9A9754-2397-40ED-8DA7-4C8C06C3CC7D}.Release|Any CPU.Build.0 = Release|Any CPU
	EndGlobalSection
	GlobalSection(SolutionProperties) = preSolution
		HideSolutionNode = FALSE
	EndGlobalSection
	GlobalSection(ExtensibilityGlobals) = postSolution
		SolutionGuid = {719CB393-E569-4B36-8CAC-95AA0DA3CE80}
	EndGlobalSection
EndGlobal
